
Microsoft Visual Studio Solution File, Format Version 12.00
# Visual Studio Version 17
VisualStudioVersion = 17.13.35828.75 d17.13
MinimumVisualStudioVersion = 10.0.40219.1
Project("{8BC9CEB8-8B4A-11D0-8D11-00A0C91BC942}") = "Lab3", "Lab3.vcxproj", "{F5FE73E7-679A-4EAA-8FE9-7CF1F06AC39F}"
EndProject
Global
	GlobalSection(SolutionConfigurationPlatforms) = preSolution
		Debug|x64 = Debug|x64
		Debug|x86 = Debug|x86
		Release|x64 = Release|x64
		Release|x86 = Release|x86
	EndGlobalSection
	GlobalSection(ProjectConfigurationPlatforms) = postSolution
		{F5FE73E7-679A-4EAA-8FE9-7CF1F06AC39F}.Debug|x64.ActiveCfg = Debug|x64
		{F5FE73E7-679A-4EAA-8FE9-7CF1F06AC39F}.Debug|x64.Build.0 = Debug|x64
		{F5FE73E7-679A-4EAA-8FE9-7CF1F06AC39F}.Debug|x86.ActiveCfg = Debug|Win32
		{F5FE73E7-679A-4EAA-8FE9-7CF1F06AC39F}.Debug|x86.Build.0 = Debug|Win32
		{F5FE73E7-679A-4EAA-8FE9-7CF1F06AC39F}.Release|x64.ActiveCfg = Release|x64
		{F5FE73E7-679A-4EAA-8FE9-7CF1F06AC39F}.Release|x64.Build.0 = Release|x64
		{F5FE73E7-679A-4EAA-8FE9-7CF1F06AC39F}.Release|x86.ActiveCfg = Release|Win32
		{F5FE73E7-679A-4EAA-8FE9-7CF1F06AC39F}.Release|x86.Build.0 = Release|Win32
	EndGlobalSection
	GlobalSection(SolutionProperties) = preSolution
		HideSolutionNode = FALSE
	EndGlobalSection
	GlobalSection(ExtensibilityGlobals) = postSolution
		SolutionGuid = {C9BF55E9-6CF4-4785-B88F-540E06A55D46}
	EndGlobalSection
EndGlobal
